// !$*UTF8*$!
{
	archiveVersion = 1;
	classes = {
	};
	objectVersion = 46;
	objects = {

/* Begin PBXBuildFile section */
		9C0A0CED1931F06B00F17F47 /* Foundation.framework in Frameworks */ = {isa = PBXBuildFile; fileRef = 9C0A0CEC1931F06B00F17F47 /* Foundation.framework */; };
		9C0A0CEF1931F06B00F17F47 /* CoreGraphics.framework in Frameworks */ = {isa = PBXBuildFile; fileRef = 9C0A0CEE1931F06B00F17F47 /* CoreGraphics.framework */; };
		9C0A0CF11931F06B00F17F47 /* UIKit.framework in Frameworks */ = {isa = PBXBuildFile; fileRef = 9C0A0CF01931F06B00F17F47 /* UIKit.framework */; };
		9C0A0CF71931F06B00F17F47 /* InfoPlist.strings in Resources */ = {isa = PBXBuildFile; fileRef = 9C0A0CF51931F06B00F17F47 /* InfoPlist.strings */; };
		9C0A0CF91931F06B00F17F47 /* main.m in Sources */ = {isa = PBXBuildFile; fileRef = 9C0A0CF81931F06B00F17F47 /* main.m */; };
		9C0A0CFD1931F06B00F17F47 /* AppDelegate.m in Sources */ = {isa = PBXBuildFile; fileRef = 9C0A0CFC1931F06B00F17F47 /* AppDelegate.m */; };
		9C0A0D001931F06B00F17F47 /* Main.storyboard in Resources */ = {isa = PBXBuildFile; fileRef = 9C0A0CFE1931F06B00F17F47 /* Main.storyboard */; };
		9C0A0D031931F06B00F17F47 /* ViewController.m in Sources */ = {isa = PBXBuildFile; fileRef = 9C0A0D021931F06B00F17F47 /* ViewController.m */; };
		9C0A0D051931F06B00F17F47 /* Images.xcassets in Resources */ = {isa = PBXBuildFile; fileRef = 9C0A0D041931F06B00F17F47 /* Images.xcassets */; };
		9C0A0D0C1931F06B00F17F47 /* XCTest.framework in Frameworks */ = {isa = PBXBuildFile; fileRef = 9C0A0D0B1931F06B00F17F47 /* XCTest.framework */; };
		9C0A0D0D1931F06B00F17F47 /* Foundation.framework in Frameworks */ = {isa = PBXBuildFile; fileRef = 9C0A0CEC1931F06B00F17F47 /* Foundation.framework */; };
		9C0A0D0E1931F06B00F17F47 /* UIKit.framework in Frameworks */ = {isa = PBXBuildFile; fileRef = 9C0A0CF01931F06B00F17F47 /* UIKit.framework */; };
		9C0A0D161931F06B00F17F47 /* InfoPlist.strings in Resources */ = {isa = PBXBuildFile; fileRef = 9C0A0D141931F06B00F17F47 /* InfoPlist.strings */; };
		9C0A0D181931F06B00F17F47 /* JTWavePulserTests.m in Sources */ = {isa = PBXBuildFile; fileRef = 9C0A0D171931F06B00F17F47 /* JTWavePulserTests.m */; };
		9C0A0D261931F08A00F17F47 /* JTWavePulser.m in Sources */ = {isa = PBXBuildFile; fileRef = 9C0A0D231931F08A00F17F47 /* JTWavePulser.m */; };
		9C0A0D271931F08A00F17F47 /* JTWavePulserAnimation.m in Sources */ = {isa = PBXBuildFile; fileRef = 9C0A0D251931F08A00F17F47 /* JTWavePulserAnimation.m */; };
/* End PBXBuildFile section */

/* Begin PBXContainerItemProxy section */
		9C0A0D0F1931F06B00F17F47 /* PBXContainerItemProxy */ = {
			isa = PBXContainerItemProxy;
			containerPortal = 9C0A0CE11931F06B00F17F47 /* Project object */;
			proxyType = 1;
			remoteGlobalIDString = 9C0A0CE81931F06B00F17F47;
			remoteInfo = JTWavePulser;
		};
/* End PBXContainerItemProxy section */

/* Begin PBXFileReference section */
		9C0A0CE91931F06B00F17F47 /* JTWavePulser.app */ = {isa = PBXFileReference; explicitFileType = wrapper.application; includeInIndex = 0; path = JTWavePulser.app; sourceTree = BUILT_PRODUCTS_DIR; };
		9C0A0CEC1931F06B00F17F47 /* Foundation.framework */ = {isa = PBXFileReference; lastKnownFileType = wrapper.framework; name = Foundation.framework; path = System/Library/Frameworks/Foundation.framework; sourceTree = SDKROOT; };
		9C0A0CEE1931F06B00F17F47 /* CoreGraphics.framework */ = {isa = PBXFileReference; lastKnownFileType = wrapper.framework; name = CoreGraphics.framework; path = System/Library/Frameworks/CoreGraphics.framework; sourceTree = SDKROOT; };
		9C0A0CF01931F06B00F17F47 /* UIKit.framework */ = {isa = PBXFileReference; lastKnownFileType = wrapper.framework; name = UIKit.framework; path = System/Library/Frameworks/UIKit.framework; sourceTree = SDKROOT; };
		9C0A0CF41931F06B00F17F47 /* JTWavePulser-Info.plist */ = {isa = PBXFileReference; lastKnownFileType = text.plist.xml; path = "JTWavePulser-Info.plist"; sourceTree = "<group>"; };
		9C0A0CF61931F06B00F17F47 /* en */ = {isa = PBXFileReference; lastKnownFileType = text.plist.strings; name = en; path = en.lproj/InfoPlist.strings; sourceTree = "<group>"; };
		9C0A0CF81931F06B00F17F47 /* main.m */ = {isa = PBXFileReference; lastKnownFileType = sourcecode.c.objc; path = main.m; sourceTree = "<group>"; };
		9C0A0CFA1931F06B00F17F47 /* JTWavePulser-Prefix.pch */ = {isa = PBXFileReference; lastKnownFileType = sourcecode.c.h; path = "JTWavePulser-Prefix.pch"; sourceTree = "<group>"; };
		9C0A0CFB1931F06B00F17F47 /* AppDelegate.h */ = {isa = PBXFileReference; lastKnownFileType = sourcecode.c.h; path = AppDelegate.h; sourceTree = "<group>"; };
		9C0A0CFC1931F06B00F17F47 /* AppDelegate.m */ = {isa = PBXFileReference; lastKnownFileType = sourcecode.c.objc; path = AppDelegate.m; sourceTree = "<group>"; };
		9C0A0CFF1931F06B00F17F47 /* Base */ = {isa = PBXFileReference; lastKnownFileType = file.storyboard; name = Base; path = Base.lproj/Main.storyboard; sourceTree = "<group>"; };
		9C0A0D011931F06B00F17F47 /* ViewController.h */ = {isa = PBXFileReference; lastKnownFileType = sourcecode.c.h; path = ViewController.h; sourceTree = "<group>"; };
		9C0A0D021931F06B00F17F47 /* ViewController.m */ = {isa = PBXFileReference; lastKnownFileType = sourcecode.c.objc; path = ViewController.m; sourceTree = "<group>"; };
		9C0A0D041931F06B00F17F47 /* Images.xcassets */ = {isa = PBXFileReference; lastKnownFileType = folder.assetcatalog; path = Images.xcassets; sourceTree = "<group>"; };
		9C0A0D0A1931F06B00F17F47 /* JTWavePulserTests.xctest */ = {isa = PBXFileReference; explicitFileType = wrapper.cfbundle; includeInIndex = 0; path = JTWavePulserTests.xctest; sourceTree = BUILT_PRODUCTS_DIR; };
		9C0A0D0B1931F06B00F17F47 /* XCTest.framework */ = {isa = PBXFileReference; lastKnownFileType = wrapper.framework; name = XCTest.framework; path = Library/Frameworks/XCTest.framework; sourceTree = DEVELOPER_DIR; };
		9C0A0D131931F06B00F17F47 /* JTWavePulserTests-Info.plist */ = {isa = PBXFileReference; lastKnownFileType = text.plist.xml; path = "JTWavePulserTests-Info.plist"; sourceTree = "<group>"; };
		9C0A0D151931F06B00F17F47 /* en */ = {isa = PBXFileReference; lastKnownFileType = text.plist.strings; name = en; path = en.lproj/InfoPlist.strings; sourceTree = "<group>"; };
		9C0A0D171931F06B00F17F47 /* JTWavePulserTests.m */ = {isa = PBXFileReference; lastKnownFileType = sourcecode.c.objc; path = JTWavePulserTests.m; sourceTree = "<group>"; };
		9C0A0D221931F08A00F17F47 /* JTWavePulser.h */ = {isa = PBXFileReference; fileEncoding = 4; lastKnownFileType = sourcecode.c.h; name = JTWavePulser.h; path = ../../../JTWavePulser.h; sourceTree = "<group>"; };
		9C0A0D231931F08A00F17F47 /* JTWavePulser.m */ = {isa = PBXFileReference; fileEncoding = 4; lastKnownFileType = sourcecode.c.objc; name = JTWavePulser.m; path = ../../../JTWavePulser.m; sourceTree = "<group>"; };
		9C0A0D241931F08A00F17F47 /* JTWavePulserAnimation.h */ = {isa = PBXFileReference; fileEncoding = 4; lastKnownFileType = sourcecode.c.h; name = JTWavePulserAnimation.h; path = ../../../JTWavePulserAnimation.h; sourceTree = "<group>"; };
		9C0A0D251931F08A00F17F47 /* JTWavePulserAnimation.m */ = {isa = PBXFileReference; fileEncoding = 4; lastKnownFileType = sourcecode.c.objc; name = JTWavePulserAnimation.m; path = ../../../JTWavePulserAnimation.m; sourceTree = "<group>"; };
/* End PBXFileReference section */

/* Begin PBXFrameworksBuildPhase section */
		9C0A0CE61931F06B00F17F47 /* Frameworks */ = {
			isa = PBXFrameworksBuildPhase;
			buildActionMask = 2147483647;
			files = (
				9C0A0CEF1931F06B00F17F47 /* CoreGraphics.framework in Frameworks */,
				9C0A0CF11931F06B00F17F47 /* UIKit.framework in Frameworks */,
				9C0A0CED1931F06B00F17F47 /* Foundation.framework in Frameworks */,
			);
			runOnlyForDeploymentPostprocessing = 0;
		};
		9C0A0D071931F06B00F17F47 /* Frameworks */ = {
			isa = PBXFrameworksBuildPhase;
			buildActionMask = 2147483647;
			files = (
				9C0A0D0C1931F06B00F17F47 /* XCTest.framework in Frameworks */,
				9C0A0D0E1931F06B00F17F47 /* UIKit.framework in Frameworks */,
				9C0A0D0D1931F06B00F17F47 /* Foundation.framework in Frameworks */,
			);
			runOnlyForDeploymentPostprocessing = 0;
		};
/* End PBXFrameworksBuildPhase section */

/* Begin PBXGroup section */
		9C0A0CE01931F06B00F17F47 = {
			isa = PBXGroup;
			children = (
				9C0A0CF21931F06B00F17F47 /* JTWavePulser */,
				9C0A0D111931F06B00F17F47 /* JTWavePulserTests */,
				9C0A0CEB1931F06B00F17F47 /* Frameworks */,
				9C0A0CEA1931F06B00F17F47 /* Products */,
			);
			sourceTree = "<group>";
		};
		9C0A0CEA1931F06B00F17F47 /* Products */ = {
			isa = PBXGroup;
			children = (
				9C0A0CE91931F06B00F17F47 /* JTWavePulser.app */,
				9C0A0D0A1931F06B00F17F47 /* JTWavePulserTests.xctest */,
			);
			name = Products;
			sourceTree = "<group>";
		};
		9C0A0CEB1931F06B00F17F47 /* Frameworks */ = {
			isa = PBXGroup;
			children = (
				9C0A0CEC1931F06B00F17F47 /* Foundation.framework */,
				9C0A0CEE1931F06B00F17F47 /* CoreGraphics.framework */,
				9C0A0CF01931F06B00F17F47 /* UIKit.framework */,
				9C0A0D0B1931F06B00F17F47 /* XCTest.framework */,
			);
			name = Frameworks;
			sourceTree = "<group>";
		};
		9C0A0CF21931F06B00F17F47 /* JTWavePulser */ = {
			isa = PBXGroup;
			children = (
				9C0A0D211931F07D00F17F47 /* JTWavePulser */,
				9C0A0CFB1931F06B00F17F47 /* AppDelegate.h */,
				9C0A0CFC1931F06B00F17F47 /* AppDelegate.m */,
				9C0A0CFE1931F06B00F17F47 /* Main.storyboard */,
				9C0A0D011931F06B00F17F47 /* ViewController.h */,
				9C0A0D021931F06B00F17F47 /* ViewController.m */,
				9C0A0D041931F06B00F17F47 /* Images.xcassets */,
				9C0A0CF31931F06B00F17F47 /* Supporting Files */,
			);
			path = JTWavePulser;
			sourceTree = "<group>";
		};
		9C0A0CF31931F06B00F17F47 /* Supporting Files */ = {
			isa = PBXGroup;
			children = (
				9C0A0CF41931F06B00F17F47 /* JTWavePulser-Info.plist */,
				9C0A0CF51931F06B00F17F47 /* InfoPlist.strings */,
				9C0A0CF81931F06B00F17F47 /* main.m */,
				9C0A0CFA1931F06B00F17F47 /* JTWavePulser-Prefix.pch */,
			);
			name = "Supporting Files";
			sourceTree = "<group>";
		};
		9C0A0D111931F06B00F17F47 /* JTWavePulserTests */ = {
			isa = PBXGroup;
			children = (
				9C0A0D171931F06B00F17F47 /* JTWavePulserTests.m */,
				9C0A0D121931F06B00F17F47 /* Supporting Files */,
			);
			path = JTWavePulserTests;
			sourceTree = "<group>";
		};
		9C0A0D121931F06B00F17F47 /* Supporting Files */ = {
			isa = PBXGroup;
			children = (
				9C0A0D131931F06B00F17F47 /* JTWavePulserTests-Info.plist */,
				9C0A0D141931F06B00F17F47 /* InfoPlist.strings */,
			);
			name = "Supporting Files";
			sourceTree = "<group>";
		};
		9C0A0D211931F07D00F17F47 /* JTWavePulser */ = {
			isa = PBXGroup;
			children = (
				9C0A0D221931F08A00F17F47 /* JTWavePulser.h */,
				9C0A0D231931F08A00F17F47 /* JTWavePulser.m */,
				9C0A0D241931F08A00F17F47 /* JTWavePulserAnimation.h */,
				9C0A0D251931F08A00F17F47 /* JTWavePulserAnimation.m */,
			);
			name = JTWavePulser;
			sourceTree = "<group>";
		};
/* End PBXGroup section */

/* Begin PBXNativeTarget section */
		9C0A0CE81931F06B00F17F47 /* JTWavePulser */ = {
			isa = PBXNativeTarget;
			buildConfigurationList = 9C0A0D1B1931F06B00F17F47 /* Build configuration list for PBXNativeTarget "JTWavePulser" */;
			buildPhases = (
				9C0A0CE51931F06B00F17F47 /* Sources */,
				9C0A0CE61931F06B00F17F47 /* Frameworks */,
				9C0A0CE71931F06B00F17F47 /* Resources */,
			);
			buildRules = (
			);
			dependencies = (
			);
			name = JTWavePulser;
			productName = JTWavePulser;
			productReference = 9C0A0CE91931F06B00F17F47 /* JTWavePulser.app */;
			productType = "com.apple.product-type.application";
		};
		9C0A0D091931F06B00F17F47 /* JTWavePulserTests */ = {
			isa = PBXNativeTarget;
			buildConfigurationList = 9C0A0D1E1931F06B00F17F47 /* Build configuration list for PBXNativeTarget "JTWavePulserTests" */;
			buildPhases = (
				9C0A0D061931F06B00F17F47 /* Sources */,
				9C0A0D071931F06B00F17F47 /* Frameworks */,
				9C0A0D081931F06B00F17F47 /* Resources */,
			);
			buildRules = (
			);
			dependencies = (
				9C0A0D101931F06B00F17F47 /* PBXTargetDependency */,
			);
			name = JTWavePulserTests;
			productName = JTWavePulserTests;
			productReference = 9C0A0D0A1931F06B00F17F47 /* JTWavePulserTests.xctest */;
			productType = "com.apple.product-type.bundle.unit-test";
		};
/* End PBXNativeTarget section */

/* Begin PBXProject section */
		9C0A0CE11931F06B00F17F47 /* Project object */ = {
			isa = PBXProject;
			attributes = {
				LastUpgradeCheck = 0510;
				ORGANIZATIONNAME = "Jung IT COM KG";
				TargetAttributes = {
					9C0A0D091931F06B00F17F47 = {
						TestTargetID = 9C0A0CE81931F06B00F17F47;
					};
				};
			};
			buildConfigurationList = 9C0A0CE41931F06B00F17F47 /* Build configuration list for PBXProject "JTWavePulser" */;
			compatibilityVersion = "Xcode 3.2";
			developmentRegion = English;
			hasScannedForEncodings = 0;
			knownRegions = (
				en,
				Base,
			);
			mainGroup = 9C0A0CE01931F06B00F17F47;
			productRefGroup = 9C0A0CEA1931F06B00F17F47 /* Products */;
			projectDirPath = "";
			projectRoot = "";
			targets = (
				9C0A0CE81931F06B00F17F47 /* JTWavePulser */,
				9C0A0D091931F06B00F17F47 /* JTWavePulserTests */,
			);
		};
/* End PBXProject section */

/* Begin PBXResourcesBuildPhase section */
		9C0A0CE71931F06B00F17F47 /* Resources */ = {
			isa = PBXResourcesBuildPhase;
			buildActionMask = 2147483647;
			files = (
				9C0A0D051931F06B00F17F47 /* Images.xcassets in Resources */,
				9C0A0CF71931F06B00F17F47 /* InfoPlist.strings in Resources */,
				9C0A0D001931F06B00F17F47 /* Main.storyboard in Resources */,
			);
			runOnlyForDeploymentPostprocessing = 0;
		};
		9C0A0D081931F06B00F17F47 /* Resources */ = {
			isa = PBXResourcesBuildPhase;
			buildActionMask = 2147483647;
			files = (
				9C0A0D161931F06B00F17F47 /* InfoPlist.strings in Resources */,
			);
			runOnlyForDeploymentPostprocessing = 0;
		};
/* End PBXResourcesBuildPhase section */

/* Begin PBXSourcesBuildPhase section */
		9C0A0CE51931F06B00F17F47 /* Sources */ = {
			isa = PBXSourcesBuildPhase;
			buildActionMask = 2147483647;
			files = (
				9C0A0D031931F06B00F17F47 /* ViewController.m in Sources */,
				9C0A0D261931F08A00F17F47 /* JTWavePulser.m in Sources */,
				9C0A0CFD1931F06B00F17F47 /* AppDelegate.m in Sources */,
				9C0A0D271931F08A00F17F47 /* JTWavePulserAnimation.m in Sources */,
				9C0A0CF91931F06B00F17F47 /* main.m in Sources */,
			);
			runOnlyForDeploymentPostprocessing = 0;
		};
		9C0A0D061931F06B00F17F47 /* Sources */ = {
			isa = PBXSourcesBuildPhase;
			buildActionMask = 2147483647;
			files = (
				9C0A0D181931F06B00F17F47 /* JTWavePulserTests.m in Sources */,
			);
			runOnlyForDeploymentPostprocessing = 0;
		};
/* End PBXSourcesBuildPhase section */

/* Begin PBXTargetDependency section */
		9C0A0D101931F06B00F17F47 /* PBXTargetDependency */ = {
			isa = PBXTargetDependency;
			target = 9C0A0CE81931F06B00F17F47 /* JTWavePulser */;
			targetProxy = 9C0A0D0F1931F06B00F17F47 /* PBXContainerItemProxy */;
		};
/* End PBXTargetDependency section */

/* Begin PBXVariantGroup section */
		9C0A0CF51931F06B00F17F47 /* InfoPlist.strings */ = {
			isa = PBXVariantGroup;
			children = (
				9C0A0CF61931F06B00F17F47 /* en */,
			);
			name = InfoPlist.strings;
			sourceTree = "<group>";
		};
		9C0A0CFE1931F06B00F17F47 /* Main.storyboard */ = {
			isa = PBXVariantGroup;
			children = (
				9C0A0CFF1931F06B00F17F47 /* Base */,
			);
			name = Main.storyboard;
			sourceTree = "<group>";
		};
		9C0A0D141931F06B00F17F47 /* InfoPlist.strings */ = {
			isa = PBXVariantGroup;
			children = (
				9C0A0D151931F06B00F17F47 /* en */,
			);
			name = InfoPlist.strings;
			sourceTree = "<group>";
		};
/* End PBXVariantGroup section */

/* Begin XCBuildConfiguration section */
		9C0A0D191931F06B00F17F47 /* Debug */ = {
			isa = XCBuildConfiguration;
			buildSettings = {
				ALWAYS_SEARCH_USER_PATHS = NO;
				CLANG_CXX_LANGUAGE_STANDARD = "gnu++0x";
				CLANG_CXX_LIBRARY = "libc++";
				CLANG_ENABLE_MODULES = YES;
				CLANG_ENABLE_OBJC_ARC = YES;
				CLANG_WARN_BOOL_CONVERSION = YES;
				CLANG_WARN_CONSTANT_CONVERSION = YES;
				CLANG_WARN_DIRECT_OBJC_ISA_USAGE = YES_ERROR;
				CLANG_WARN_EMPTY_BODY = YES;
				CLANG_WARN_ENUM_CONVERSION = YES;
				CLANG_WARN_INT_CONVERSION = YES;
				CLANG_WARN_OBJC_ROOT_CLASS = YES_ERROR;
				CLANG_WARN__DUPLICATE_METHOD_MATCH = YES;
				"CODE_SIGN_IDENTITY[sdk=iphoneos*]" = "iPhone Developer";
				COPY_PHASE_STRIP = NO;
				GCC_C_LANGUAGE_STANDARD = gnu99;
				GCC_DYNAMIC_NO_PIC = NO;
				GCC_OPTIMIZATION_LEVEL = 0;
				GCC_PREPROCESSOR_DEFINITIONS = (
					"DEBUG=1",
					"$(inherited)",
				);
				GCC_SYMBOLS_PRIVATE_EXTERN = NO;
				GCC_WARN_64_TO_32_BIT_CONVERSION = YES;
				GCC_WARN_ABOUT_RETURN_TYPE = YES_ERROR;
				GCC_WARN_UNDECLARED_SELECTOR = YES;
				GCC_WARN_UNINITIALIZED_AUTOS = YES_AGGRESSIVE;
				GCC_WARN_UNUSED_FUNCTION = YES;
				GCC_WARN_UNUSED_VARIABLE = YES;
				IPHONEOS_DEPLOYMENT_TARGET = 7.1;
				ONLY_ACTIVE_ARCH = YES;
				SDKROOT = iphoneos;
			};
			name = Debug;
		};
		9C0A0D1A1931F06B00F17F47 /* Release */ = {
			isa = XCBuildConfiguration;
			buildSettings = {
				ALWAYS_SEARCH_USER_PATHS = NO;
				CLANG_CXX_LANGUAGE_STANDARD = "gnu++0x";
				CLANG_CXX_LIBRARY = "libc++";
				CLANG_ENABLE_MODULES = YES;
				CLANG_ENABLE_OBJC_ARC = YES;
				CLANG_WARN_BOOL_CONVERSION = YES;
				CLANG_WARN_CONSTANT_CONVERSION = YES;
				CLANG_WARN_DIRECT_OBJC_ISA_USAGE = YES_ERROR;
				CLANG_WARN_EMPTY_BODY = YES;
				CLANG_WARN_ENUM_CONVERSION = YES;
				CLANG_WARN_INT_CONVERSION = YES;
				CLANG_WARN_OBJC_ROOT_CLASS = YES_ERROR;
				CLANG_WARN__DUPLICATE_METHOD_MATCH = YES;
				"CODE_SIGN_IDENTITY[sdk=iphoneos*]" = "iPhone Developer";
				COPY_PHASE_STRIP = YES;
				ENABLE_NS_ASSERTIONS = NO;
				GCC_C_LANGUAGE_STANDARD = gnu99;
				GCC_WARN_64_TO_32_BIT_CONVERSION = YES;
				GCC_WARN_ABOUT_RETURN_TYPE = YES_ERROR;
				GCC_WARN_UNDECLARED_SELECTOR = YES;
				GCC_WARN_UNINITIALIZED_AUTOS = YES_AGGRESSIVE;
				GCC_WARN_UNUSED_FUNCTION = YES;
				GCC_WARN_UNUSED_VARIABLE = YES;
				IPHONEOS_DEPLOYMENT_TARGET = 7.1;
				SDKROOT = iphoneos;
				VALIDATE_PRODUCT = YES;
			};
			name = Release;
		};
		9C0A0D1C1931F06B00F17F47 /* Debug */ = {
			isa = XCBuildConfiguration;
			buildSettings = {
				ASSETCATALOG_COMPILER_APPICON_NAME = AppIcon;
				ASSETCATALOG_COMPILER_LAUNCHIMAGE_NAME = LaunchImage;
				GCC_PRECOMPILE_PREFIX_HEADER = YES;
				GCC_PREFIX_HEADER = "JTWavePulser/JTWavePulser-Prefix.pch";
				INFOPLIST_FILE = "JTWavePulser/JTWavePulser-Info.plist";
				PRODUCT_NAME = "$(TARGET_NAME)";
				WRAPPER_EXTENSION = app;
			};
			name = Debug;
		};
		9C0A0D1D1931F06B00F17F47 /* Release */ = {
			isa = XCBuildConfiguration;
			buildSettings = {
				ASSETCATALOG_COMPILER_APPICON_NAME = AppIcon;
				ASSETCATALOG_COMPILER_LAUNCHIMAGE_NAME = LaunchImage;
				GCC_PRECOMPILE_PREFIX_HEADER = YES;
				GCC_PREFIX_HEADER = "JTWavePulser/JTWavePulser-Prefix.pch";
				INFOPLIST_FILE = "JTWavePulser/JTWavePulser-Info.plist";
				PRODUCT_NAME = "$(TARGET_NAME)";
				WRAPPER_EXTENSION = app;
			};
			name = Release;
		};
		9C0A0D1F1931F06B00F17F47 /* Debug */ = {
			isa = XCBuildConfiguration;
			buildSettings = {
				BUNDLE_LOADER = "$(BUILT_PRODUCTS_DIR)/JTWavePulser.app/JTWavePulser";
				FRAMEWORK_SEARCH_PATHS = (
					"$(SDKROOT)/Developer/Library/Frameworks",
					"$(inherited)",
					"$(DEVELOPER_FRAMEWORKS_DIR)",
				);
				GCC_PRECOMPILE_PREFIX_HEADER = YES;
				GCC_PREFIX_HEADER = "JTWavePulser/JTWavePulser-Prefix.pch";
				GCC_PREPROCESSOR_DEFINITIONS = (
					"DEBUG=1",
					"$(inherited)",
				);
				INFOPLIST_FILE = "JTWavePulserTests/JTWavePulserTests-Info.plist";
				PRODUCT_NAME = "$(TARGET_NAME)";
				TEST_HOST = "$(BUNDLE_LOADER)";
				WRAPPER_EXTENSION = xctest;
			};
			name = Debug;
		};
		9C0A0D201931F06B00F17F47 /* Release */ = {
			isa = XCBuildConfiguration;
			buildSettings = {
				BUNDLE_LOADER = "$(BUILT_PRODUCTS_DIR)/JTWavePulser.app/JTWavePulser";
				FRAMEWORK_SEARCH_PATHS = (
					"$(SDKROOT)/Developer/Library/Frameworks",
					"$(inherited)",
					"$(DEVELOPER_FRAMEWORKS_DIR)",
				);
				GCC_PRECOMPILE_PREFIX_HEADER = YES;
				GCC_PREFIX_HEADER = "JTWavePulser/JTWavePulser-Prefix.pch";
				INFOPLIST_FILE = "JTWavePulserTests/JTWavePulserTests-Info.plist";
				PRODUCT_NAME = "$(TARGET_NAME)";
				TEST_HOST = "$(BUNDLE_LOADER)";
				WRAPPER_EXTENSION = xctest;
			};
			name = Release;
		};
/* End XCBuildConfiguration section */

/* Begin XCConfigurationList section */
		9C0A0CE41931F06B00F17F47 /* Build configuration list for PBXProject "JTWavePulser" */ = {
			isa = XCConfigurationList;
			buildConfigurations = (
				9C0A0D191931F06B00F17F47 /* Debug */,
				9C0A0D1A1931F06B00F17F47 /* Release */,
			);
			defaultConfigurationIsVisible = 0;
			defaultConfigurationName = Release;
		};
		9C0A0D1B1931F06B00F17F47 /* Build configuration list for PBXNativeTarget "JTWavePulser" */ = {
			isa = XCConfigurationList;
			buildConfigurations = (
				9C0A0D1C1931F06B00F17F47 /* Debug */,
				9C0A0D1D1931F06B00F17F47 /* Release */,
			);
			defaultConfigurationIsVisible = 0;
		};
		9C0A0D1E1931F06B00F17F47 /* Build configuration list for PBXNativeTarget "JTWavePulserTests" */ = {
			isa = XCConfigurationList;
			buildConfigurations = (
				9C0A0D1F1931F06B00F17F47 /* Debug */,
				9C0A0D201931F06B00F17F47 /* Release */,
			);
			defaultConfigurationIsVisible = 0;
		};
/* End XCConfigurationList section */
	};
	rootObject = 9C0A0CE11931F06B00F17F47 /* Project object */;
}
